
Microsoft Visual Studio Solution File, Format Version 12.00
# Visual Studio Version 17
VisualStudioVersion = 17.9.34616.47
MinimumVisualStudioVersion = 10.0.40219.1
Project("{9A19103F-16F7-4668-BE54-9A1E7A4F7556}") = "ToolExplorerWPF", "ToolExplorerWPF\ToolExplorerWPF.csproj", "{EB922362-ED35-4E05-9DFF-ACFD73510FD1}"
EndProject
Project("{2150E333-8FDC-42A3-9474-1A3956D46DE8}") = "References", "References", "{8C92D91A-22FC-4652-B624-3E0F17425FE3}"
EndProject
Project("{9A19103F-16F7-4668-BE54-9A1E7A4F7556}") = "AstarLibrary", "..\AstarAlgo\AstarLibrary\AstarLibrary.csproj", "{EDA7542B-9750-47C4-B0CA-DF2A84EDFCD1}"
EndProject
Global
	GlobalSection(SolutionConfigurationPlatforms) = preSolution
		Debug|Any CPU = Debug|Any CPU
		Release|Any CPU = Release|Any CPU
	EndGlobalSection
	GlobalSection(ProjectConfigurationPlatforms) = postSolution
		{EB922362-ED35-4E05-9DFF-ACFD73510FD1}.Debug|Any CPU.ActiveCfg = Debug|Any CPU
		{EB922362-ED35-4E05-9DFF-ACFD73510FD1}.Debug|Any CPU.Build.0 = Debug|Any CPU
		{EB922362-ED35-4E05-9DFF-ACFD73510FD1}.Release|Any CPU.ActiveCfg = Release|Any CPU
		{EB922362-ED35-4E05-9DFF-ACFD73510FD1}.Release|Any CPU.Build.0 = Release|Any CPU
		{EDA7542B-9750-47C4-B0CA-DF2A84EDFCD1}.Debug|Any CPU.ActiveCfg = Debug|Any CPU
		{EDA7542B-9750-47C4-B0CA-DF2A84EDFCD1}.Debug|Any CPU.Build.0 = Debug|Any CPU
		{EDA7542B-9750-47C4-B0CA-DF2A84EDFCD1}.Release|Any CPU.ActiveCfg = Release|Any CPU
		{EDA7542B-9750-47C4-B0CA-DF2A84EDFCD1}.Release|Any CPU.Build.0 = Release|Any CPU
	EndGlobalSection
	GlobalSection(SolutionProperties) = preSolution
		HideSolutionNode = FALSE
	EndGlobalSection
	GlobalSection(NestedProjects) = preSolution
		{EDA7542B-9750-47C4-B0CA-DF2A84EDFCD1} = {8C92D91A-22FC-4652-B624-3E0F17425FE3}
	EndGlobalSection
	GlobalSection(ExtensibilityGlobals) = postSolution
		SolutionGuid = {806D1102-0425-4F01-BFA6-EE9D8CEC1C0A}
	EndGlobalSection
EndGlobal
