
Microsoft Visual Studio Solution File, Format Version 12.00
# Visual Studio Version 17
VisualStudioVersion = 17.9.34616.47
MinimumVisualStudioVersion = 10.0.40219.1
Project("{9A19103F-16F7-4668-BE54-9A1E7A4F7556}") = "ToolExplorerWPF", "ToolExplorerWPF\ToolExplorerWPF.csproj", "{EB922362-ED35-4E05-9DFF-ACFD73510FD1}"
EndProject
Project("{2150E333-8FDC-42A3-9474-1A3956D46DE8}") = "References", "References", "{8C92D91A-22FC-4652-B624-3E0F17425FE3}"
EndProject
Project("{FAE04EC0-301F-11D3-BF4B-00C04F79EFBC}") = "PasswordLibrary", "References\PasswordLibrary\PasswordLibrary\PasswordLibrary.csproj", "{EEF89259-E21B-A12E-2666-6F264BAC7B06}"
EndProject
Project("{FAE04EC0-301F-11D3-BF4B-00C04F79EFBC}") = "HtmlScraperLibrary", "References\HtmlScraperLibrary\HtmlScraperLibrary\HtmlScraperLibrary.csproj", "{F72DEA2A-D711-B89B-342C-EF755D9F3439}"
EndProject
Project("{FAE04EC0-301F-11D3-BF4B-00C04F79EFBC}") = "AstarLibrary", "References\AstarLibrary\AstarLibrary\AstarLibrary.csproj", "{6C8A5369-9D7C-202A-53FD-F069BF9DDF94}"
EndProject
Project("{FAE04EC0-301F-11D3-BF4B-00C04F79EFBC}") = "PsychonautJournalLibrary", "References\PsychonautJournalLibrary\PsychonautJournalLibrary\PsychonautJournalLibrary.csproj", "{5E6A4580-72C8-4379-F2D2-57635F7CEB5F}"
EndProject
Global
	GlobalSection(SolutionConfigurationPlatforms) = preSolution
		Debug|Any CPU = Debug|Any CPU
		Release|Any CPU = Release|Any CPU
	EndGlobalSection
	GlobalSection(ProjectConfigurationPlatforms) = postSolution
		{EB922362-ED35-4E05-9DFF-ACFD73510FD1}.Debug|Any CPU.ActiveCfg = Debug|Any CPU
		{EB922362-ED35-4E05-9DFF-ACFD73510FD1}.Debug|Any CPU.Build.0 = Debug|Any CPU
		{EB922362-ED35-4E05-9DFF-ACFD73510FD1}.Release|Any CPU.ActiveCfg = Release|Any CPU
		{EB922362-ED35-4E05-9DFF-ACFD73510FD1}.Release|Any CPU.Build.0 = Release|Any CPU
		{EEF89259-E21B-A12E-2666-6F264BAC7B06}.Debug|Any CPU.ActiveCfg = Debug|Any CPU
		{EEF89259-E21B-A12E-2666-6F264BAC7B06}.Debug|Any CPU.Build.0 = Debug|Any CPU
		{EEF89259-E21B-A12E-2666-6F264BAC7B06}.Release|Any CPU.ActiveCfg = Release|Any CPU
		{EEF89259-E21B-A12E-2666-6F264BAC7B06}.Release|Any CPU.Build.0 = Release|Any CPU
		{F72DEA2A-D711-B89B-342C-EF755D9F3439}.Debug|Any CPU.ActiveCfg = Debug|Any CPU
		{F72DEA2A-D711-B89B-342C-EF755D9F3439}.Debug|Any CPU.Build.0 = Debug|Any CPU
		{F72DEA2A-D711-B89B-342C-EF755D9F3439}.Release|Any CPU.ActiveCfg = Release|Any CPU
		{F72DEA2A-D711-B89B-342C-EF755D9F3439}.Release|Any CPU.Build.0 = Release|Any CPU
		{6C8A5369-9D7C-202A-53FD-F069BF9DDF94}.Debug|Any CPU.ActiveCfg = Debug|Any CPU
		{6C8A5369-9D7C-202A-53FD-F069BF9DDF94}.Debug|Any CPU.Build.0 = Debug|Any CPU
		{6C8A5369-9D7C-202A-53FD-F069BF9DDF94}.Release|Any CPU.ActiveCfg = Release|Any CPU
		{6C8A5369-9D7C-202A-53FD-F069BF9DDF94}.Release|Any CPU.Build.0 = Release|Any CPU
		{5E6A4580-72C8-4379-F2D2-57635F7CEB5F}.Debug|Any CPU.ActiveCfg = Debug|Any CPU
		{5E6A4580-72C8-4379-F2D2-57635F7CEB5F}.Debug|Any CPU.Build.0 = Debug|Any CPU
		{5E6A4580-72C8-4379-F2D2-57635F7CEB5F}.Release|Any CPU.ActiveCfg = Release|Any CPU
		{5E6A4580-72C8-4379-F2D2-57635F7CEB5F}.Release|Any CPU.Build.0 = Release|Any CPU
	EndGlobalSection
	GlobalSection(SolutionProperties) = preSolution
		HideSolutionNode = FALSE
	EndGlobalSection
	GlobalSection(NestedProjects) = preSolution
		{EEF89259-E21B-A12E-2666-6F264BAC7B06} = {8C92D91A-22FC-4652-B624-3E0F17425FE3}
		{F72DEA2A-D711-B89B-342C-EF755D9F3439} = {8C92D91A-22FC-4652-B624-3E0F17425FE3}
		{6C8A5369-9D7C-202A-53FD-F069BF9DDF94} = {8C92D91A-22FC-4652-B624-3E0F17425FE3}
		{5E6A4580-72C8-4379-F2D2-57635F7CEB5F} = {8C92D91A-22FC-4652-B624-3E0F17425FE3}
	EndGlobalSection
	GlobalSection(ExtensibilityGlobals) = postSolution
		SolutionGuid = {806D1102-0425-4F01-BFA6-EE9D8CEC1C0A}
	EndGlobalSection
EndGlobal
