
Microsoft Visual Studio Solution File, Format Version 12.00
# Visual Studio Version 17
VisualStudioVersion = 17.9.34616.47
MinimumVisualStudioVersion = 10.0.40219.1
Project("{9A19103F-16F7-4668-BE54-9A1E7A4F7556}") = "ToolExplorerWPF", "ToolExplorerWPF\ToolExplorerWPF.csproj", "{EB922362-ED35-4E05-9DFF-ACFD73510FD1}"
EndProject
Project("{2150E333-8FDC-42A3-9474-1A3956D46DE8}") = "References", "References", "{8C92D91A-22FC-4652-B624-3E0F17425FE3}"
EndProject
Project("{9A19103F-16F7-4668-BE54-9A1E7A4F7556}") = "AstarLibrary", "AstarAlgo\AstarLibrary\AstarLibrary.csproj", "{65FAD9E1-6EF8-4A4B-ABA1-A0153954B56D}"
EndProject
Project("{9A19103F-16F7-4668-BE54-9A1E7A4F7556}") = "HtmlScraperLibrary", "HtmlScraperLibrary\HtmlScraperLibrary\HtmlScraperLibrary.csproj", "{89BCFC0B-4792-4D9E-A991-1AEE521221F6}"
EndProject
Project("{FAE04EC0-301F-11D3-BF4B-00C04F79EFBC}") = "PasswordLibrary", "PasswordLibrary\PasswordLibrary\PasswordLibrary.csproj", "{E0F727F5-87B5-4A2E-B8F6-797FDF172FE1}"
EndProject
Global
	GlobalSection(SolutionConfigurationPlatforms) = preSolution
		Debug|Any CPU = Debug|Any CPU
		Release|Any CPU = Release|Any CPU
	EndGlobalSection
	GlobalSection(ProjectConfigurationPlatforms) = postSolution
		{EB922362-ED35-4E05-9DFF-ACFD73510FD1}.Debug|Any CPU.ActiveCfg = Debug|Any CPU
		{EB922362-ED35-4E05-9DFF-ACFD73510FD1}.Debug|Any CPU.Build.0 = Debug|Any CPU
		{EB922362-ED35-4E05-9DFF-ACFD73510FD1}.Release|Any CPU.ActiveCfg = Release|Any CPU
		{EB922362-ED35-4E05-9DFF-ACFD73510FD1}.Release|Any CPU.Build.0 = Release|Any CPU
		{65FAD9E1-6EF8-4A4B-ABA1-A0153954B56D}.Debug|Any CPU.ActiveCfg = Debug|Any CPU
		{65FAD9E1-6EF8-4A4B-ABA1-A0153954B56D}.Debug|Any CPU.Build.0 = Debug|Any CPU
		{65FAD9E1-6EF8-4A4B-ABA1-A0153954B56D}.Release|Any CPU.ActiveCfg = Release|Any CPU
		{65FAD9E1-6EF8-4A4B-ABA1-A0153954B56D}.Release|Any CPU.Build.0 = Release|Any CPU
		{89BCFC0B-4792-4D9E-A991-1AEE521221F6}.Debug|Any CPU.ActiveCfg = Debug|Any CPU
		{89BCFC0B-4792-4D9E-A991-1AEE521221F6}.Debug|Any CPU.Build.0 = Debug|Any CPU
		{89BCFC0B-4792-4D9E-A991-1AEE521221F6}.Release|Any CPU.ActiveCfg = Release|Any CPU
		{89BCFC0B-4792-4D9E-A991-1AEE521221F6}.Release|Any CPU.Build.0 = Release|Any CPU
		{E0F727F5-87B5-4A2E-B8F6-797FDF172FE1}.Debug|Any CPU.ActiveCfg = Debug|Any CPU
		{E0F727F5-87B5-4A2E-B8F6-797FDF172FE1}.Debug|Any CPU.Build.0 = Debug|Any CPU
		{E0F727F5-87B5-4A2E-B8F6-797FDF172FE1}.Release|Any CPU.ActiveCfg = Release|Any CPU
		{E0F727F5-87B5-4A2E-B8F6-797FDF172FE1}.Release|Any CPU.Build.0 = Release|Any CPU
	EndGlobalSection
	GlobalSection(SolutionProperties) = preSolution
		HideSolutionNode = FALSE
	EndGlobalSection
	GlobalSection(NestedProjects) = preSolution
		{65FAD9E1-6EF8-4A4B-ABA1-A0153954B56D} = {8C92D91A-22FC-4652-B624-3E0F17425FE3}
		{89BCFC0B-4792-4D9E-A991-1AEE521221F6} = {8C92D91A-22FC-4652-B624-3E0F17425FE3}
		{E0F727F5-87B5-4A2E-B8F6-797FDF172FE1} = {8C92D91A-22FC-4652-B624-3E0F17425FE3}
	EndGlobalSection
	GlobalSection(ExtensibilityGlobals) = postSolution
		SolutionGuid = {806D1102-0425-4F01-BFA6-EE9D8CEC1C0A}
	EndGlobalSection
EndGlobal
